PODS:
  - DZNEmptyDataSet (1.8.1)
  - LoremIpsum (1.0.0)
  - Realm (2.0.1):
    - Realm/Headers (= 2.0.1)
  - Realm/Headers (2.0.1)
  - SlackTextViewController (1.9.5)
  - Typhoon (3.5.1):
    - Typhoon/no-arc (= 3.5.1)
  - Typhoon/no-arc (3.5.1)

DEPENDENCIES:
  - DZNEmptyDataSet
  - LoremIpsum (~> 1.0)
  - Realm
  - Realm/Headers
  - SlackTextViewController
  - Typhoon

SPEC CHECKSUMS:
  DZNEmptyDataSet: 9525833b9e68ac21c30253e1d3d7076cc828eaa7
  LoremIpsum: 9029c55d36501b2ee0b05cc9ecda11d3a0479160
  Realm: 0557ee0e4ab4f0936c90e370056d1ed6265f93d6
  SlackTextViewController: fbcdadbb8090673f604484ff5b6eb8d77baed42a
  Typhoon: c0950bb9f2e835eb8a7dc6983160109b6baf2dda

PODFILE CHECKSUM: 76f3ee71c0063960af74e931859182c538b4272b

COCOAPODS: 1.1.0.rc.2
